
Microsoft Visual Studio Solution File, Format Version 12.00
# Visual Studio Version 16
VisualStudioVersion = 16.0.29806.167
MinimumVisualStudioVersion = 10.0.40219.1
Project("{9A19103F-16F7-4668-BE54-9A1E7A4F7556}") = "977A", "977A\977A.csproj", "{38DDA95F-3C4A-4C05-AC56-0F2E8528FF51}"
EndProject
Project("{9A19103F-16F7-4668-BE54-9A1E7A4F7556}") = "4A", "4A\4A.csproj", "{9D669DD7-2092-41CE-AEC3-46A5E5FCC17D}"
EndProject
Project("{9A19103F-16F7-4668-BE54-9A1E7A4F7556}") = "1A", "1A\1A.csproj", "{536B0A45-D198-4EFD-B5C4-890F7E93827C}"
EndProject
Project("{9A19103F-16F7-4668-BE54-9A1E7A4F7556}") = "71A", "71A\71A.csproj", "{F153087F-5BBA-43D5-8DCF-CAE4523611C5}"
EndProject
Project("{FAE04EC0-301F-11D3-BF4B-00C04F79EFBC}") = "339A", "339A\339A.csproj", "{2604F873-8665-47D2-9316-D54F8332987A}"
EndProject
Project("{9A19103F-16F7-4668-BE54-9A1E7A4F7556}") = "1030A", "1030A\1030A.csproj", "{7DD36A06-23C6-4631-9083-F693441D8524}"
EndProject
Project("{9A19103F-16F7-4668-BE54-9A1E7A4F7556}") = "791A", "791A\791A.csproj", "{2D4A42BE-5607-4918-A13F-F872A44B8C6F}"
EndProject
Project("{9A19103F-16F7-4668-BE54-9A1E7A4F7556}") = "ReadWriteData", "ReadWriteData\ReadWriteData.csproj", "{79C13E06-E3C6-4C97-9DC9-DAB88E4D4695}"
EndProject
Project("{9A19103F-16F7-4668-BE54-9A1E7A4F7556}") = "705A", "705A\705A.csproj", "{DB42E838-1AD5-469D-B696-6672816A7192}"
EndProject
Project("{9A19103F-16F7-4668-BE54-9A1E7A4F7556}") = "1327A", "1327A\1327A.csproj", "{F4E854A8-075B-42EC-9800-82DFF106A95D}"
EndProject
Project("{9A19103F-16F7-4668-BE54-9A1E7A4F7556}") = "1327B", "1327B\1327B.csproj", "{EFFF8E0C-C458-4B24-BD3D-9804B2D8B16E}"
EndProject
Project("{9A19103F-16F7-4668-BE54-9A1E7A4F7556}") = "785A", "785A\785A.csproj", "{E763F5CA-1166-4D24-86FC-4DFDD81B6940}"
EndProject
Project("{2150E333-8FDC-42A3-9474-1A3956D46DE8}") = "Tasks", "Tasks", "{EAAED1FE-7E54-4026-8099-0B217E1C2B14}"
EndProject
Project("{2150E333-8FDC-42A3-9474-1A3956D46DE8}") = "1030", "1030", "{C561E1AC-6CDC-453B-BF76-14F4D3C6BC7E}"
EndProject
Project("{2150E333-8FDC-42A3-9474-1A3956D46DE8}") = "1327", "1327", "{C450B078-270A-4D61-8EC7-B8CB32AB7640}"
EndProject
Project("{2150E333-8FDC-42A3-9474-1A3956D46DE8}") = "1", "1", "{3BC03E4D-BE11-475B-8F90-5E161C8C8415}"
EndProject
Project("{2150E333-8FDC-42A3-9474-1A3956D46DE8}") = "339", "339", "{FCEB3FE4-D82B-4B61-BEAA-C4BA5C21058D}"
EndProject
Project("{2150E333-8FDC-42A3-9474-1A3956D46DE8}") = "4", "4", "{215D66FB-5A55-46FD-A333-D9AB6DA0B01C}"
EndProject
Project("{2150E333-8FDC-42A3-9474-1A3956D46DE8}") = "705", "705", "{85C1BFAA-2DF5-4E38-96CD-B5772C550151}"
EndProject
Project("{2150E333-8FDC-42A3-9474-1A3956D46DE8}") = "71", "71", "{84A25C51-7C4A-42D8-BC24-48722C60359A}"
EndProject
Project("{2150E333-8FDC-42A3-9474-1A3956D46DE8}") = "785", "785", "{9942C282-C500-4D79-A625-D5B15B916309}"
EndProject
Project("{2150E333-8FDC-42A3-9474-1A3956D46DE8}") = "791", "791", "{26993ADD-E33B-4DD5-89B8-63BE53C3C865}"
EndProject
Project("{2150E333-8FDC-42A3-9474-1A3956D46DE8}") = "977", "977", "{666485DB-7CA6-4CA2-950F-E82FCB5BB560}"
EndProject
Project("{2150E333-8FDC-42A3-9474-1A3956D46DE8}") = "996", "996", "{0263EBD5-ED49-49FD-A03D-80B890C0C539}"
EndProject
Project("{9A19103F-16F7-4668-BE54-9A1E7A4F7556}") = "996A", "996A\996A.csproj", "{2F40CC3D-EA6E-4840-9118-88B821A325C0}"
EndProject
Project("{2150E333-8FDC-42A3-9474-1A3956D46DE8}") = "1154", "1154", "{1A3EB42B-A92F-4F40-AB34-B0C246B8E384}"
EndProject
Project("{9A19103F-16F7-4668-BE54-9A1E7A4F7556}") = "1154A", "1154A\1154A.csproj", "{36E523A6-9DA0-4F22-A8AC-A44D3B5CA440}"
EndProject
Project("{2150E333-8FDC-42A3-9474-1A3956D46DE8}") = "1097", "1097", "{C3A68E43-D47C-402E-AB4E-0A9725F55719}"
EndProject
Project("{9A19103F-16F7-4668-BE54-9A1E7A4F7556}") = "1097A", "1097A\1097A.csproj", "{7F813505-0C11-48B1-AC5C-D28DFC738712}"
EndProject
Project("{2150E333-8FDC-42A3-9474-1A3956D46DE8}") = "1220", "1220", "{FE50AEB8-DA6B-4ABE-8A12-AEAA9E8E5C0E}"
EndProject
Project("{9A19103F-16F7-4668-BE54-9A1E7A4F7556}") = "1220A", "1220A\1220A.csproj", "{98CD82F1-A9F4-41F5-A57F-AE8F68BCDD37}"
EndProject
Project("{2150E333-8FDC-42A3-9474-1A3956D46DE8}") = "1186", "1186", "{FF6901AE-7DDD-4433-BF14-AAB82A7FE380}"
EndProject
Project("{9A19103F-16F7-4668-BE54-9A1E7A4F7556}") = "1186A", "1186A\1186A.csproj", "{89273C0A-21D0-4D39-A448-4A7F667A61E2}"
EndProject
Project("{2150E333-8FDC-42A3-9474-1A3956D46DE8}") = "959", "959", "{CC4DC0EC-5CE0-483A-A64E-BCABDF7B9AA9}"
EndProject
Project("{9A19103F-16F7-4668-BE54-9A1E7A4F7556}") = "959A", "959A\959A.csproj", "{F763BD63-0275-4C8E-B37F-9ACA9B9C62A9}"
EndProject
Project("{2150E333-8FDC-42A3-9474-1A3956D46DE8}") = "935", "935", "{03CED01C-6DA5-4BC3-8169-DA19AA2B6918}"
EndProject
Project("{9A19103F-16F7-4668-BE54-9A1E7A4F7556}") = "935A", "935A\935A.csproj", "{579493E6-A9A4-4DDC-AEEC-096258B2E588}"
EndProject
Project("{2150E333-8FDC-42A3-9474-1A3956D46DE8}") = "1283", "1283", "{41D1831C-6015-4B48-8DBB-BCD93F544280}"
EndProject
Project("{9A19103F-16F7-4668-BE54-9A1E7A4F7556}") = "1223A", "1283A\1223A.csproj", "{BE417215-4768-4740-AE33-6B0D268AC6E0}"
EndProject
Project("{2150E333-8FDC-42A3-9474-1A3956D46DE8}") = "867", "867", "{F877D5EF-9E86-4D6F-A86E-0D039189A3FF}"
EndProject
Project("{9A19103F-16F7-4668-BE54-9A1E7A4F7556}") = "867A", "867A\867A.csproj", "{675A637A-2623-44B8-84B6-AC5FB61F9546}"
EndProject
Project("{2150E333-8FDC-42A3-9474-1A3956D46DE8}") = "1146", "1146", "{C2642777-8F93-4D2C-8697-AE6750FE3C8E}"
EndProject
Project("{9A19103F-16F7-4668-BE54-9A1E7A4F7556}") = "1146A", "1146A\1146A.csproj", "{7D1F33E7-A1FA-4A28-9A7D-B6C814B4C179}"
EndProject
Project("{2150E333-8FDC-42A3-9474-1A3956D46DE8}") = "707", "707", "{A9A57B7C-45D7-4BD0-ABF7-A2BD3EDB66DB}"
EndProject
Project("{9A19103F-16F7-4668-BE54-9A1E7A4F7556}") = "707A", "707A\707A.csproj", "{A5767150-3198-462E-82C4-B5D9F5338741}"
EndProject
Project("{2150E333-8FDC-42A3-9474-1A3956D46DE8}") = "709", "709", "{1CDD6DC0-00AD-4BE7-A26E-D5BFCCDCEFF3}"
EndProject
Project("{9A19103F-16F7-4668-BE54-9A1E7A4F7556}") = "709A", "709A\709A.csproj", "{4BE05356-6342-4EC3-B809-9B8C2A434E3B}"
EndProject
Project("{9A19103F-16F7-4668-BE54-9A1E7A4F7556}") = "709C", "709C\709C.csproj", "{6FD40A4F-79A3-4091-98F0-42A0FED18E27}"
EndProject
Project("{2150E333-8FDC-42A3-9474-1A3956D46DE8}") = "710", "710", "{BD174CCB-019F-4002-9A8D-C9AC1C97E286}"
EndProject
Project("{9A19103F-16F7-4668-BE54-9A1E7A4F7556}") = "710B", "710B\710B.csproj", "{C16018F7-DCD0-434C-B898-FB37FC04D354}"
EndProject
Project("{2150E333-8FDC-42A3-9474-1A3956D46DE8}") = "708", "708", "{AB0CDDDC-8E21-471D-A581-422CB7B2A6C5}"
EndProject
Project("{9A19103F-16F7-4668-BE54-9A1E7A4F7556}") = "708A", "708A\708A.csproj", "{EBCBDD37-FB19-4AD0-9100-E68ED34D9885}"
EndProject
Project("{2150E333-8FDC-42A3-9474-1A3956D46DE8}") = "711", "711", "{BD945B24-9F50-4998-A0A2-0425500BF001}"
EndProject
Project("{9A19103F-16F7-4668-BE54-9A1E7A4F7556}") = "711A", "711A\711A.csproj", "{FE64FFC0-2C7B-4D03-8741-647FA5ACE96F}"
EndProject
Project("{9A19103F-16F7-4668-BE54-9A1E7A4F7556}") = "711B", "711B\711B.csproj", "{CA639ACA-EFF7-4FB9-925A-F5AF02CA5EC7}"
EndProject
Project("{2150E333-8FDC-42A3-9474-1A3956D46DE8}") = "712", "712", "{DF8408A1-ACC8-4156-B187-F816A00D6422}"
EndProject
Project("{9A19103F-16F7-4668-BE54-9A1E7A4F7556}") = "712A", "712A\712A.csproj", "{FF82E9EF-9696-4083-AD95-8A3220BD8751}"
EndProject
Project("{9A19103F-16F7-4668-BE54-9A1E7A4F7556}") = "712B", "712B\712B.csproj", "{754BECC7-E6A1-44F2-9094-5806E42F2693}"
EndProject
Project("{2150E333-8FDC-42A3-9474-1A3956D46DE8}") = "1284", "1284", "{71A8E9C4-6ABC-4D35-A439-038AC277BAD1}"
EndProject
Project("{9A19103F-16F7-4668-BE54-9A1E7A4F7556}") = "1284A", "1284A\1284A.csproj", "{DC952B43-0A77-4CB5-B42B-5510740EF50D}"
EndProject
Project("{2150E333-8FDC-42A3-9474-1A3956D46DE8}") = "617", "617", "{0CD64C3A-BC3F-4C17-8EDE-5F73E2593D54}"
EndProject
Project("{9A19103F-16F7-4668-BE54-9A1E7A4F7556}") = "617A", "617A\617A.csproj", "{15F8FE96-0A36-46E9-B457-0AA4A3A929E1}"
EndProject
Project("{2150E333-8FDC-42A3-9474-1A3956D46DE8}") = "136", "136", "{5DEB9FFA-5F2A-4EE6-9918-B39C58BCA453}"
EndProject
Project("{FAE04EC0-301F-11D3-BF4B-00C04F79EFBC}") = "136A", "136A\136A.csproj", "{C1CE564A-48F2-4D89-A5BC-54AAFE5C0A49}"
EndProject
Global
	GlobalSection(SolutionConfigurationPlatforms) = preSolution
		Debug|Any CPU = Debug|Any CPU
		Release|Any CPU = Release|Any CPU
	EndGlobalSection
	GlobalSection(ProjectConfigurationPlatforms) = postSolution
		{38DDA95F-3C4A-4C05-AC56-0F2E8528FF51}.Debug|Any CPU.ActiveCfg = Debug|Any CPU
		{38DDA95F-3C4A-4C05-AC56-0F2E8528FF51}.Debug|Any CPU.Build.0 = Debug|Any CPU
		{38DDA95F-3C4A-4C05-AC56-0F2E8528FF51}.Release|Any CPU.ActiveCfg = Release|Any CPU
		{38DDA95F-3C4A-4C05-AC56-0F2E8528FF51}.Release|Any CPU.Build.0 = Release|Any CPU
		{9D669DD7-2092-41CE-AEC3-46A5E5FCC17D}.Debug|Any CPU.ActiveCfg = Debug|Any CPU
		{9D669DD7-2092-41CE-AEC3-46A5E5FCC17D}.Debug|Any CPU.Build.0 = Debug|Any CPU
		{9D669DD7-2092-41CE-AEC3-46A5E5FCC17D}.Release|Any CPU.ActiveCfg = Release|Any CPU
		{9D669DD7-2092-41CE-AEC3-46A5E5FCC17D}.Release|Any CPU.Build.0 = Release|Any CPU
		{536B0A45-D198-4EFD-B5C4-890F7E93827C}.Debug|Any CPU.ActiveCfg = Debug|Any CPU
		{536B0A45-D198-4EFD-B5C4-890F7E93827C}.Debug|Any CPU.Build.0 = Debug|Any CPU
		{536B0A45-D198-4EFD-B5C4-890F7E93827C}.Release|Any CPU.ActiveCfg = Release|Any CPU
		{536B0A45-D198-4EFD-B5C4-890F7E93827C}.Release|Any CPU.Build.0 = Release|Any CPU
		{F153087F-5BBA-43D5-8DCF-CAE4523611C5}.Debug|Any CPU.ActiveCfg = Debug|Any CPU
		{F153087F-5BBA-43D5-8DCF-CAE4523611C5}.Debug|Any CPU.Build.0 = Debug|Any CPU
		{F153087F-5BBA-43D5-8DCF-CAE4523611C5}.Release|Any CPU.ActiveCfg = Release|Any CPU
		{F153087F-5BBA-43D5-8DCF-CAE4523611C5}.Release|Any CPU.Build.0 = Release|Any CPU
		{2604F873-8665-47D2-9316-D54F8332987A}.Debug|Any CPU.ActiveCfg = Debug|Any CPU
		{2604F873-8665-47D2-9316-D54F8332987A}.Debug|Any CPU.Build.0 = Debug|Any CPU
		{2604F873-8665-47D2-9316-D54F8332987A}.Release|Any CPU.ActiveCfg = Release|Any CPU
		{2604F873-8665-47D2-9316-D54F8332987A}.Release|Any CPU.Build.0 = Release|Any CPU
		{7DD36A06-23C6-4631-9083-F693441D8524}.Debug|Any CPU.ActiveCfg = Debug|Any CPU
		{7DD36A06-23C6-4631-9083-F693441D8524}.Debug|Any CPU.Build.0 = Debug|Any CPU
		{7DD36A06-23C6-4631-9083-F693441D8524}.Release|Any CPU.ActiveCfg = Release|Any CPU
		{7DD36A06-23C6-4631-9083-F693441D8524}.Release|Any CPU.Build.0 = Release|Any CPU
		{2D4A42BE-5607-4918-A13F-F872A44B8C6F}.Debug|Any CPU.ActiveCfg = Debug|Any CPU
		{2D4A42BE-5607-4918-A13F-F872A44B8C6F}.Debug|Any CPU.Build.0 = Debug|Any CPU
		{2D4A42BE-5607-4918-A13F-F872A44B8C6F}.Release|Any CPU.ActiveCfg = Release|Any CPU
		{2D4A42BE-5607-4918-A13F-F872A44B8C6F}.Release|Any CPU.Build.0 = Release|Any CPU
		{79C13E06-E3C6-4C97-9DC9-DAB88E4D4695}.Debug|Any CPU.ActiveCfg = Debug|Any CPU
		{79C13E06-E3C6-4C97-9DC9-DAB88E4D4695}.Debug|Any CPU.Build.0 = Debug|Any CPU
		{79C13E06-E3C6-4C97-9DC9-DAB88E4D4695}.Release|Any CPU.ActiveCfg = Release|Any CPU
		{79C13E06-E3C6-4C97-9DC9-DAB88E4D4695}.Release|Any CPU.Build.0 = Release|Any CPU
		{DB42E838-1AD5-469D-B696-6672816A7192}.Debug|Any CPU.ActiveCfg = Debug|Any CPU
		{DB42E838-1AD5-469D-B696-6672816A7192}.Debug|Any CPU.Build.0 = Debug|Any CPU
		{DB42E838-1AD5-469D-B696-6672816A7192}.Release|Any CPU.ActiveCfg = Release|Any CPU
		{DB42E838-1AD5-469D-B696-6672816A7192}.Release|Any CPU.Build.0 = Release|Any CPU
		{F4E854A8-075B-42EC-9800-82DFF106A95D}.Debug|Any CPU.ActiveCfg = Debug|Any CPU
		{F4E854A8-075B-42EC-9800-82DFF106A95D}.Debug|Any CPU.Build.0 = Debug|Any CPU
		{F4E854A8-075B-42EC-9800-82DFF106A95D}.Release|Any CPU.ActiveCfg = Release|Any CPU
		{F4E854A8-075B-42EC-9800-82DFF106A95D}.Release|Any CPU.Build.0 = Release|Any CPU
		{EFFF8E0C-C458-4B24-BD3D-9804B2D8B16E}.Debug|Any CPU.ActiveCfg = Debug|Any CPU
		{EFFF8E0C-C458-4B24-BD3D-9804B2D8B16E}.Debug|Any CPU.Build.0 = Debug|Any CPU
		{EFFF8E0C-C458-4B24-BD3D-9804B2D8B16E}.Release|Any CPU.ActiveCfg = Release|Any CPU
		{EFFF8E0C-C458-4B24-BD3D-9804B2D8B16E}.Release|Any CPU.Build.0 = Release|Any CPU
		{E763F5CA-1166-4D24-86FC-4DFDD81B6940}.Debug|Any CPU.ActiveCfg = Debug|Any CPU
		{E763F5CA-1166-4D24-86FC-4DFDD81B6940}.Debug|Any CPU.Build.0 = Debug|Any CPU
		{E763F5CA-1166-4D24-86FC-4DFDD81B6940}.Release|Any CPU.ActiveCfg = Release|Any CPU
		{E763F5CA-1166-4D24-86FC-4DFDD81B6940}.Release|Any CPU.Build.0 = Release|Any CPU
		{2F40CC3D-EA6E-4840-9118-88B821A325C0}.Debug|Any CPU.ActiveCfg = Debug|Any CPU
		{2F40CC3D-EA6E-4840-9118-88B821A325C0}.Debug|Any CPU.Build.0 = Debug|Any CPU
		{2F40CC3D-EA6E-4840-9118-88B821A325C0}.Release|Any CPU.ActiveCfg = Release|Any CPU
		{2F40CC3D-EA6E-4840-9118-88B821A325C0}.Release|Any CPU.Build.0 = Release|Any CPU
		{36E523A6-9DA0-4F22-A8AC-A44D3B5CA440}.Debug|Any CPU.ActiveCfg = Debug|Any CPU
		{36E523A6-9DA0-4F22-A8AC-A44D3B5CA440}.Debug|Any CPU.Build.0 = Debug|Any CPU
		{36E523A6-9DA0-4F22-A8AC-A44D3B5CA440}.Release|Any CPU.ActiveCfg = Release|Any CPU
		{36E523A6-9DA0-4F22-A8AC-A44D3B5CA440}.Release|Any CPU.Build.0 = Release|Any CPU
		{7F813505-0C11-48B1-AC5C-D28DFC738712}.Debug|Any CPU.ActiveCfg = Debug|Any CPU
		{7F813505-0C11-48B1-AC5C-D28DFC738712}.Debug|Any CPU.Build.0 = Debug|Any CPU
		{7F813505-0C11-48B1-AC5C-D28DFC738712}.Release|Any CPU.ActiveCfg = Release|Any CPU
		{7F813505-0C11-48B1-AC5C-D28DFC738712}.Release|Any CPU.Build.0 = Release|Any CPU
		{98CD82F1-A9F4-41F5-A57F-AE8F68BCDD37}.Debug|Any CPU.ActiveCfg = Debug|Any CPU
		{98CD82F1-A9F4-41F5-A57F-AE8F68BCDD37}.Debug|Any CPU.Build.0 = Debug|Any CPU
		{98CD82F1-A9F4-41F5-A57F-AE8F68BCDD37}.Release|Any CPU.ActiveCfg = Release|Any CPU
		{98CD82F1-A9F4-41F5-A57F-AE8F68BCDD37}.Release|Any CPU.Build.0 = Release|Any CPU
		{89273C0A-21D0-4D39-A448-4A7F667A61E2}.Debug|Any CPU.ActiveCfg = Debug|Any CPU
		{89273C0A-21D0-4D39-A448-4A7F667A61E2}.Debug|Any CPU.Build.0 = Debug|Any CPU
		{89273C0A-21D0-4D39-A448-4A7F667A61E2}.Release|Any CPU.ActiveCfg = Release|Any CPU
		{89273C0A-21D0-4D39-A448-4A7F667A61E2}.Release|Any CPU.Build.0 = Release|Any CPU
		{F763BD63-0275-4C8E-B37F-9ACA9B9C62A9}.Debug|Any CPU.ActiveCfg = Debug|Any CPU
		{F763BD63-0275-4C8E-B37F-9ACA9B9C62A9}.Debug|Any CPU.Build.0 = Debug|Any CPU
		{F763BD63-0275-4C8E-B37F-9ACA9B9C62A9}.Release|Any CPU.ActiveCfg = Release|Any CPU
		{F763BD63-0275-4C8E-B37F-9ACA9B9C62A9}.Release|Any CPU.Build.0 = Release|Any CPU
		{579493E6-A9A4-4DDC-AEEC-096258B2E588}.Debug|Any CPU.ActiveCfg = Debug|Any CPU
		{579493E6-A9A4-4DDC-AEEC-096258B2E588}.Debug|Any CPU.Build.0 = Debug|Any CPU
		{579493E6-A9A4-4DDC-AEEC-096258B2E588}.Release|Any CPU.ActiveCfg = Release|Any CPU
		{579493E6-A9A4-4DDC-AEEC-096258B2E588}.Release|Any CPU.Build.0 = Release|Any CPU
		{BE417215-4768-4740-AE33-6B0D268AC6E0}.Debug|Any CPU.ActiveCfg = Debug|Any CPU
		{BE417215-4768-4740-AE33-6B0D268AC6E0}.Debug|Any CPU.Build.0 = Debug|Any CPU
		{BE417215-4768-4740-AE33-6B0D268AC6E0}.Release|Any CPU.ActiveCfg = Release|Any CPU
		{BE417215-4768-4740-AE33-6B0D268AC6E0}.Release|Any CPU.Build.0 = Release|Any CPU
		{675A637A-2623-44B8-84B6-AC5FB61F9546}.Debug|Any CPU.ActiveCfg = Debug|Any CPU
		{675A637A-2623-44B8-84B6-AC5FB61F9546}.Debug|Any CPU.Build.0 = Debug|Any CPU
		{675A637A-2623-44B8-84B6-AC5FB61F9546}.Release|Any CPU.ActiveCfg = Release|Any CPU
		{675A637A-2623-44B8-84B6-AC5FB61F9546}.Release|Any CPU.Build.0 = Release|Any CPU
		{7D1F33E7-A1FA-4A28-9A7D-B6C814B4C179}.Debug|Any CPU.ActiveCfg = Debug|Any CPU
		{7D1F33E7-A1FA-4A28-9A7D-B6C814B4C179}.Debug|Any CPU.Build.0 = Debug|Any CPU
		{7D1F33E7-A1FA-4A28-9A7D-B6C814B4C179}.Release|Any CPU.ActiveCfg = Release|Any CPU
		{7D1F33E7-A1FA-4A28-9A7D-B6C814B4C179}.Release|Any CPU.Build.0 = Release|Any CPU
		{A5767150-3198-462E-82C4-B5D9F5338741}.Debug|Any CPU.ActiveCfg = Debug|Any CPU
		{A5767150-3198-462E-82C4-B5D9F5338741}.Debug|Any CPU.Build.0 = Debug|Any CPU
		{A5767150-3198-462E-82C4-B5D9F5338741}.Release|Any CPU.ActiveCfg = Release|Any CPU
		{A5767150-3198-462E-82C4-B5D9F5338741}.Release|Any CPU.Build.0 = Release|Any CPU
		{4BE05356-6342-4EC3-B809-9B8C2A434E3B}.Debug|Any CPU.ActiveCfg = Debug|Any CPU
		{4BE05356-6342-4EC3-B809-9B8C2A434E3B}.Debug|Any CPU.Build.0 = Debug|Any CPU
		{4BE05356-6342-4EC3-B809-9B8C2A434E3B}.Release|Any CPU.ActiveCfg = Release|Any CPU
		{4BE05356-6342-4EC3-B809-9B8C2A434E3B}.Release|Any CPU.Build.0 = Release|Any CPU
		{6FD40A4F-79A3-4091-98F0-42A0FED18E27}.Debug|Any CPU.ActiveCfg = Debug|Any CPU
		{6FD40A4F-79A3-4091-98F0-42A0FED18E27}.Debug|Any CPU.Build.0 = Debug|Any CPU
		{6FD40A4F-79A3-4091-98F0-42A0FED18E27}.Release|Any CPU.ActiveCfg = Release|Any CPU
		{6FD40A4F-79A3-4091-98F0-42A0FED18E27}.Release|Any CPU.Build.0 = Release|Any CPU
		{C16018F7-DCD0-434C-B898-FB37FC04D354}.Debug|Any CPU.ActiveCfg = Debug|Any CPU
		{C16018F7-DCD0-434C-B898-FB37FC04D354}.Debug|Any CPU.Build.0 = Debug|Any CPU
		{C16018F7-DCD0-434C-B898-FB37FC04D354}.Release|Any CPU.ActiveCfg = Release|Any CPU
		{C16018F7-DCD0-434C-B898-FB37FC04D354}.Release|Any CPU.Build.0 = Release|Any CPU
		{EBCBDD37-FB19-4AD0-9100-E68ED34D9885}.Debug|Any CPU.ActiveCfg = Debug|Any CPU
		{EBCBDD37-FB19-4AD0-9100-E68ED34D9885}.Debug|Any CPU.Build.0 = Debug|Any CPU
		{EBCBDD37-FB19-4AD0-9100-E68ED34D9885}.Release|Any CPU.ActiveCfg = Release|Any CPU
		{EBCBDD37-FB19-4AD0-9100-E68ED34D9885}.Release|Any CPU.Build.0 = Release|Any CPU
		{FE64FFC0-2C7B-4D03-8741-647FA5ACE96F}.Debug|Any CPU.ActiveCfg = Debug|Any CPU
		{FE64FFC0-2C7B-4D03-8741-647FA5ACE96F}.Debug|Any CPU.Build.0 = Debug|Any CPU
		{FE64FFC0-2C7B-4D03-8741-647FA5ACE96F}.Release|Any CPU.ActiveCfg = Release|Any CPU
		{FE64FFC0-2C7B-4D03-8741-647FA5ACE96F}.Release|Any CPU.Build.0 = Release|Any CPU
		{CA639ACA-EFF7-4FB9-925A-F5AF02CA5EC7}.Debug|Any CPU.ActiveCfg = Debug|Any CPU
		{CA639ACA-EFF7-4FB9-925A-F5AF02CA5EC7}.Debug|Any CPU.Build.0 = Debug|Any CPU
		{CA639ACA-EFF7-4FB9-925A-F5AF02CA5EC7}.Release|Any CPU.ActiveCfg = Release|Any CPU
		{CA639ACA-EFF7-4FB9-925A-F5AF02CA5EC7}.Release|Any CPU.Build.0 = Release|Any CPU
		{FF82E9EF-9696-4083-AD95-8A3220BD8751}.Debug|Any CPU.ActiveCfg = Debug|Any CPU
		{FF82E9EF-9696-4083-AD95-8A3220BD8751}.Debug|Any CPU.Build.0 = Debug|Any CPU
		{FF82E9EF-9696-4083-AD95-8A3220BD8751}.Release|Any CPU.ActiveCfg = Release|Any CPU
		{FF82E9EF-9696-4083-AD95-8A3220BD8751}.Release|Any CPU.Build.0 = Release|Any CPU
		{754BECC7-E6A1-44F2-9094-5806E42F2693}.Debug|Any CPU.ActiveCfg = Debug|Any CPU
		{754BECC7-E6A1-44F2-9094-5806E42F2693}.Debug|Any CPU.Build.0 = Debug|Any CPU
		{754BECC7-E6A1-44F2-9094-5806E42F2693}.Release|Any CPU.ActiveCfg = Release|Any CPU
		{754BECC7-E6A1-44F2-9094-5806E42F2693}.Release|Any CPU.Build.0 = Release|Any CPU
		{DC952B43-0A77-4CB5-B42B-5510740EF50D}.Debug|Any CPU.ActiveCfg = Debug|Any CPU
		{DC952B43-0A77-4CB5-B42B-5510740EF50D}.Debug|Any CPU.Build.0 = Debug|Any CPU
		{DC952B43-0A77-4CB5-B42B-5510740EF50D}.Release|Any CPU.ActiveCfg = Release|Any CPU
		{DC952B43-0A77-4CB5-B42B-5510740EF50D}.Release|Any CPU.Build.0 = Release|Any CPU
		{15F8FE96-0A36-46E9-B457-0AA4A3A929E1}.Debug|Any CPU.ActiveCfg = Debug|Any CPU
		{15F8FE96-0A36-46E9-B457-0AA4A3A929E1}.Debug|Any CPU.Build.0 = Debug|Any CPU
		{15F8FE96-0A36-46E9-B457-0AA4A3A929E1}.Release|Any CPU.ActiveCfg = Release|Any CPU
		{15F8FE96-0A36-46E9-B457-0AA4A3A929E1}.Release|Any CPU.Build.0 = Release|Any CPU
		{C1CE564A-48F2-4D89-A5BC-54AAFE5C0A49}.Debug|Any CPU.ActiveCfg = Debug|Any CPU
		{C1CE564A-48F2-4D89-A5BC-54AAFE5C0A49}.Debug|Any CPU.Build.0 = Debug|Any CPU
		{C1CE564A-48F2-4D89-A5BC-54AAFE5C0A49}.Release|Any CPU.ActiveCfg = Release|Any CPU
		{C1CE564A-48F2-4D89-A5BC-54AAFE5C0A49}.Release|Any CPU.Build.0 = Release|Any CPU
	EndGlobalSection
	GlobalSection(SolutionProperties) = preSolution
		HideSolutionNode = FALSE
	EndGlobalSection
	GlobalSection(NestedProjects) = preSolution
		{38DDA95F-3C4A-4C05-AC56-0F2E8528FF51} = {666485DB-7CA6-4CA2-950F-E82FCB5BB560}
		{9D669DD7-2092-41CE-AEC3-46A5E5FCC17D} = {215D66FB-5A55-46FD-A333-D9AB6DA0B01C}
		{536B0A45-D198-4EFD-B5C4-890F7E93827C} = {3BC03E4D-BE11-475B-8F90-5E161C8C8415}
		{F153087F-5BBA-43D5-8DCF-CAE4523611C5} = {84A25C51-7C4A-42D8-BC24-48722C60359A}
		{2604F873-8665-47D2-9316-D54F8332987A} = {FCEB3FE4-D82B-4B61-BEAA-C4BA5C21058D}
		{7DD36A06-23C6-4631-9083-F693441D8524} = {C561E1AC-6CDC-453B-BF76-14F4D3C6BC7E}
		{2D4A42BE-5607-4918-A13F-F872A44B8C6F} = {26993ADD-E33B-4DD5-89B8-63BE53C3C865}
		{DB42E838-1AD5-469D-B696-6672816A7192} = {85C1BFAA-2DF5-4E38-96CD-B5772C550151}
		{F4E854A8-075B-42EC-9800-82DFF106A95D} = {C450B078-270A-4D61-8EC7-B8CB32AB7640}
		{EFFF8E0C-C458-4B24-BD3D-9804B2D8B16E} = {C450B078-270A-4D61-8EC7-B8CB32AB7640}
		{E763F5CA-1166-4D24-86FC-4DFDD81B6940} = {9942C282-C500-4D79-A625-D5B15B916309}
		{C561E1AC-6CDC-453B-BF76-14F4D3C6BC7E} = {EAAED1FE-7E54-4026-8099-0B217E1C2B14}
		{C450B078-270A-4D61-8EC7-B8CB32AB7640} = {EAAED1FE-7E54-4026-8099-0B217E1C2B14}
		{3BC03E4D-BE11-475B-8F90-5E161C8C8415} = {EAAED1FE-7E54-4026-8099-0B217E1C2B14}
		{FCEB3FE4-D82B-4B61-BEAA-C4BA5C21058D} = {EAAED1FE-7E54-4026-8099-0B217E1C2B14}
		{215D66FB-5A55-46FD-A333-D9AB6DA0B01C} = {EAAED1FE-7E54-4026-8099-0B217E1C2B14}
		{85C1BFAA-2DF5-4E38-96CD-B5772C550151} = {EAAED1FE-7E54-4026-8099-0B217E1C2B14}
		{84A25C51-7C4A-42D8-BC24-48722C60359A} = {EAAED1FE-7E54-4026-8099-0B217E1C2B14}
		{9942C282-C500-4D79-A625-D5B15B916309} = {EAAED1FE-7E54-4026-8099-0B217E1C2B14}
		{26993ADD-E33B-4DD5-89B8-63BE53C3C865} = {EAAED1FE-7E54-4026-8099-0B217E1C2B14}
		{666485DB-7CA6-4CA2-950F-E82FCB5BB560} = {EAAED1FE-7E54-4026-8099-0B217E1C2B14}
		{0263EBD5-ED49-49FD-A03D-80B890C0C539} = {EAAED1FE-7E54-4026-8099-0B217E1C2B14}
		{2F40CC3D-EA6E-4840-9118-88B821A325C0} = {0263EBD5-ED49-49FD-A03D-80B890C0C539}
		{1A3EB42B-A92F-4F40-AB34-B0C246B8E384} = {EAAED1FE-7E54-4026-8099-0B217E1C2B14}
		{36E523A6-9DA0-4F22-A8AC-A44D3B5CA440} = {1A3EB42B-A92F-4F40-AB34-B0C246B8E384}
		{C3A68E43-D47C-402E-AB4E-0A9725F55719} = {EAAED1FE-7E54-4026-8099-0B217E1C2B14}
		{7F813505-0C11-48B1-AC5C-D28DFC738712} = {C3A68E43-D47C-402E-AB4E-0A9725F55719}
		{FE50AEB8-DA6B-4ABE-8A12-AEAA9E8E5C0E} = {EAAED1FE-7E54-4026-8099-0B217E1C2B14}
		{98CD82F1-A9F4-41F5-A57F-AE8F68BCDD37} = {FE50AEB8-DA6B-4ABE-8A12-AEAA9E8E5C0E}
		{FF6901AE-7DDD-4433-BF14-AAB82A7FE380} = {EAAED1FE-7E54-4026-8099-0B217E1C2B14}
		{89273C0A-21D0-4D39-A448-4A7F667A61E2} = {FF6901AE-7DDD-4433-BF14-AAB82A7FE380}
		{CC4DC0EC-5CE0-483A-A64E-BCABDF7B9AA9} = {EAAED1FE-7E54-4026-8099-0B217E1C2B14}
		{F763BD63-0275-4C8E-B37F-9ACA9B9C62A9} = {CC4DC0EC-5CE0-483A-A64E-BCABDF7B9AA9}
		{03CED01C-6DA5-4BC3-8169-DA19AA2B6918} = {EAAED1FE-7E54-4026-8099-0B217E1C2B14}
		{579493E6-A9A4-4DDC-AEEC-096258B2E588} = {03CED01C-6DA5-4BC3-8169-DA19AA2B6918}
		{41D1831C-6015-4B48-8DBB-BCD93F544280} = {EAAED1FE-7E54-4026-8099-0B217E1C2B14}
		{BE417215-4768-4740-AE33-6B0D268AC6E0} = {41D1831C-6015-4B48-8DBB-BCD93F544280}
		{F877D5EF-9E86-4D6F-A86E-0D039189A3FF} = {EAAED1FE-7E54-4026-8099-0B217E1C2B14}
		{675A637A-2623-44B8-84B6-AC5FB61F9546} = {F877D5EF-9E86-4D6F-A86E-0D039189A3FF}
		{C2642777-8F93-4D2C-8697-AE6750FE3C8E} = {EAAED1FE-7E54-4026-8099-0B217E1C2B14}
		{7D1F33E7-A1FA-4A28-9A7D-B6C814B4C179} = {C2642777-8F93-4D2C-8697-AE6750FE3C8E}
		{A9A57B7C-45D7-4BD0-ABF7-A2BD3EDB66DB} = {EAAED1FE-7E54-4026-8099-0B217E1C2B14}
		{A5767150-3198-462E-82C4-B5D9F5338741} = {A9A57B7C-45D7-4BD0-ABF7-A2BD3EDB66DB}
		{1CDD6DC0-00AD-4BE7-A26E-D5BFCCDCEFF3} = {EAAED1FE-7E54-4026-8099-0B217E1C2B14}
		{4BE05356-6342-4EC3-B809-9B8C2A434E3B} = {1CDD6DC0-00AD-4BE7-A26E-D5BFCCDCEFF3}
		{6FD40A4F-79A3-4091-98F0-42A0FED18E27} = {1CDD6DC0-00AD-4BE7-A26E-D5BFCCDCEFF3}
		{BD174CCB-019F-4002-9A8D-C9AC1C97E286} = {EAAED1FE-7E54-4026-8099-0B217E1C2B14}
		{C16018F7-DCD0-434C-B898-FB37FC04D354} = {BD174CCB-019F-4002-9A8D-C9AC1C97E286}
		{AB0CDDDC-8E21-471D-A581-422CB7B2A6C5} = {EAAED1FE-7E54-4026-8099-0B217E1C2B14}
		{EBCBDD37-FB19-4AD0-9100-E68ED34D9885} = {AB0CDDDC-8E21-471D-A581-422CB7B2A6C5}
		{BD945B24-9F50-4998-A0A2-0425500BF001} = {EAAED1FE-7E54-4026-8099-0B217E1C2B14}
		{FE64FFC0-2C7B-4D03-8741-647FA5ACE96F} = {BD945B24-9F50-4998-A0A2-0425500BF001}
		{CA639ACA-EFF7-4FB9-925A-F5AF02CA5EC7} = {BD945B24-9F50-4998-A0A2-0425500BF001}
		{DF8408A1-ACC8-4156-B187-F816A00D6422} = {EAAED1FE-7E54-4026-8099-0B217E1C2B14}
		{FF82E9EF-9696-4083-AD95-8A3220BD8751} = {DF8408A1-ACC8-4156-B187-F816A00D6422}
		{754BECC7-E6A1-44F2-9094-5806E42F2693} = {DF8408A1-ACC8-4156-B187-F816A00D6422}
		{71A8E9C4-6ABC-4D35-A439-038AC277BAD1} = {EAAED1FE-7E54-4026-8099-0B217E1C2B14}
		{DC952B43-0A77-4CB5-B42B-5510740EF50D} = {71A8E9C4-6ABC-4D35-A439-038AC277BAD1}
		{0CD64C3A-BC3F-4C17-8EDE-5F73E2593D54} = {EAAED1FE-7E54-4026-8099-0B217E1C2B14}
		{15F8FE96-0A36-46E9-B457-0AA4A3A929E1} = {0CD64C3A-BC3F-4C17-8EDE-5F73E2593D54}
		{5DEB9FFA-5F2A-4EE6-9918-B39C58BCA453} = {EAAED1FE-7E54-4026-8099-0B217E1C2B14}
		{C1CE564A-48F2-4D89-A5BC-54AAFE5C0A49} = {5DEB9FFA-5F2A-4EE6-9918-B39C58BCA453}
	EndGlobalSection
	GlobalSection(ExtensibilityGlobals) = postSolution
		SolutionGuid = {1CBEE6A2-0C19-4B79-A17E-EF1C183760B7}
	EndGlobalSection
EndGlobal
