
Microsoft Visual Studio Solution File, Format Version 12.00
# Visual Studio Version 16
VisualStudioVersion = 16.0.29806.167
MinimumVisualStudioVersion = 10.0.40219.1
Project("{9A19103F-16F7-4668-BE54-9A1E7A4F7556}") = "977A", "977A\977A.csproj", "{38DDA95F-3C4A-4C05-AC56-0F2E8528FF51}"
EndProject
Project("{9A19103F-16F7-4668-BE54-9A1E7A4F7556}") = "4A", "4A\4A.csproj", "{9D669DD7-2092-41CE-AEC3-46A5E5FCC17D}"
EndProject
Project("{9A19103F-16F7-4668-BE54-9A1E7A4F7556}") = "1A", "1A\1A.csproj", "{536B0A45-D198-4EFD-B5C4-890F7E93827C}"
EndProject
Project("{9A19103F-16F7-4668-BE54-9A1E7A4F7556}") = "71A", "71A\71A.csproj", "{F153087F-5BBA-43D5-8DCF-CAE4523611C5}"
EndProject
Project("{FAE04EC0-301F-11D3-BF4B-00C04F79EFBC}") = "339A", "339A\339A.csproj", "{2604F873-8665-47D2-9316-D54F8332987A}"
EndProject
Project("{9A19103F-16F7-4668-BE54-9A1E7A4F7556}") = "1030A", "1030A\1030A.csproj", "{7DD36A06-23C6-4631-9083-F693441D8524}"
EndProject
Project("{9A19103F-16F7-4668-BE54-9A1E7A4F7556}") = "791A", "791A\791A.csproj", "{2D4A42BE-5607-4918-A13F-F872A44B8C6F}"
EndProject
Project("{9A19103F-16F7-4668-BE54-9A1E7A4F7556}") = "ReadWriteData", "ReadWriteData\ReadWriteData.csproj", "{79C13E06-E3C6-4C97-9DC9-DAB88E4D4695}"
EndProject
Project("{9A19103F-16F7-4668-BE54-9A1E7A4F7556}") = "705A", "705A\705A.csproj", "{DB42E838-1AD5-469D-B696-6672816A7192}"
EndProject
Project("{9A19103F-16F7-4668-BE54-9A1E7A4F7556}") = "1327A", "1327A\1327A.csproj", "{F4E854A8-075B-42EC-9800-82DFF106A95D}"
EndProject
Project("{9A19103F-16F7-4668-BE54-9A1E7A4F7556}") = "1327B", "1327B\1327B.csproj", "{EFFF8E0C-C458-4B24-BD3D-9804B2D8B16E}"
EndProject
Project("{9A19103F-16F7-4668-BE54-9A1E7A4F7556}") = "785A", "785A\785A.csproj", "{E763F5CA-1166-4D24-86FC-4DFDD81B6940}"
EndProject
Project("{2150E333-8FDC-42A3-9474-1A3956D46DE8}") = "Tasks", "Tasks", "{EAAED1FE-7E54-4026-8099-0B217E1C2B14}"
EndProject
Project("{2150E333-8FDC-42A3-9474-1A3956D46DE8}") = "1030", "1030", "{C561E1AC-6CDC-453B-BF76-14F4D3C6BC7E}"
EndProject
Project("{2150E333-8FDC-42A3-9474-1A3956D46DE8}") = "1327", "1327", "{C450B078-270A-4D61-8EC7-B8CB32AB7640}"
EndProject
Project("{2150E333-8FDC-42A3-9474-1A3956D46DE8}") = "1", "1", "{3BC03E4D-BE11-475B-8F90-5E161C8C8415}"
EndProject
Project("{2150E333-8FDC-42A3-9474-1A3956D46DE8}") = "339", "339", "{FCEB3FE4-D82B-4B61-BEAA-C4BA5C21058D}"
EndProject
Project("{2150E333-8FDC-42A3-9474-1A3956D46DE8}") = "4", "4", "{215D66FB-5A55-46FD-A333-D9AB6DA0B01C}"
EndProject
Project("{2150E333-8FDC-42A3-9474-1A3956D46DE8}") = "705", "705", "{85C1BFAA-2DF5-4E38-96CD-B5772C550151}"
EndProject
Project("{2150E333-8FDC-42A3-9474-1A3956D46DE8}") = "71", "71", "{84A25C51-7C4A-42D8-BC24-48722C60359A}"
EndProject
Project("{2150E333-8FDC-42A3-9474-1A3956D46DE8}") = "785", "785", "{9942C282-C500-4D79-A625-D5B15B916309}"
EndProject
Project("{2150E333-8FDC-42A3-9474-1A3956D46DE8}") = "791", "791", "{26993ADD-E33B-4DD5-89B8-63BE53C3C865}"
EndProject
Project("{2150E333-8FDC-42A3-9474-1A3956D46DE8}") = "977", "977", "{666485DB-7CA6-4CA2-950F-E82FCB5BB560}"
EndProject
Project("{2150E333-8FDC-42A3-9474-1A3956D46DE8}") = "996", "996", "{0263EBD5-ED49-49FD-A03D-80B890C0C539}"
EndProject
Project("{FAE04EC0-301F-11D3-BF4B-00C04F79EFBC}") = "996A", "996A\996A.csproj", "{2F40CC3D-EA6E-4840-9118-88B821A325C0}"
EndProject
Global
	GlobalSection(SolutionConfigurationPlatforms) = preSolution
		Debug|Any CPU = Debug|Any CPU
		Release|Any CPU = Release|Any CPU
	EndGlobalSection
	GlobalSection(ProjectConfigurationPlatforms) = postSolution
		{38DDA95F-3C4A-4C05-AC56-0F2E8528FF51}.Debug|Any CPU.ActiveCfg = Debug|Any CPU
		{38DDA95F-3C4A-4C05-AC56-0F2E8528FF51}.Debug|Any CPU.Build.0 = Debug|Any CPU
		{38DDA95F-3C4A-4C05-AC56-0F2E8528FF51}.Release|Any CPU.ActiveCfg = Release|Any CPU
		{38DDA95F-3C4A-4C05-AC56-0F2E8528FF51}.Release|Any CPU.Build.0 = Release|Any CPU
		{9D669DD7-2092-41CE-AEC3-46A5E5FCC17D}.Debug|Any CPU.ActiveCfg = Debug|Any CPU
		{9D669DD7-2092-41CE-AEC3-46A5E5FCC17D}.Debug|Any CPU.Build.0 = Debug|Any CPU
		{9D669DD7-2092-41CE-AEC3-46A5E5FCC17D}.Release|Any CPU.ActiveCfg = Release|Any CPU
		{9D669DD7-2092-41CE-AEC3-46A5E5FCC17D}.Release|Any CPU.Build.0 = Release|Any CPU
		{536B0A45-D198-4EFD-B5C4-890F7E93827C}.Debug|Any CPU.ActiveCfg = Debug|Any CPU
		{536B0A45-D198-4EFD-B5C4-890F7E93827C}.Debug|Any CPU.Build.0 = Debug|Any CPU
		{536B0A45-D198-4EFD-B5C4-890F7E93827C}.Release|Any CPU.ActiveCfg = Release|Any CPU
		{536B0A45-D198-4EFD-B5C4-890F7E93827C}.Release|Any CPU.Build.0 = Release|Any CPU
		{F153087F-5BBA-43D5-8DCF-CAE4523611C5}.Debug|Any CPU.ActiveCfg = Debug|Any CPU
		{F153087F-5BBA-43D5-8DCF-CAE4523611C5}.Debug|Any CPU.Build.0 = Debug|Any CPU
		{F153087F-5BBA-43D5-8DCF-CAE4523611C5}.Release|Any CPU.ActiveCfg = Release|Any CPU
		{F153087F-5BBA-43D5-8DCF-CAE4523611C5}.Release|Any CPU.Build.0 = Release|Any CPU
		{2604F873-8665-47D2-9316-D54F8332987A}.Debug|Any CPU.ActiveCfg = Debug|Any CPU
		{2604F873-8665-47D2-9316-D54F8332987A}.Debug|Any CPU.Build.0 = Debug|Any CPU
		{2604F873-8665-47D2-9316-D54F8332987A}.Release|Any CPU.ActiveCfg = Release|Any CPU
		{2604F873-8665-47D2-9316-D54F8332987A}.Release|Any CPU.Build.0 = Release|Any CPU
		{7DD36A06-23C6-4631-9083-F693441D8524}.Debug|Any CPU.ActiveCfg = Debug|Any CPU
		{7DD36A06-23C6-4631-9083-F693441D8524}.Debug|Any CPU.Build.0 = Debug|Any CPU
		{7DD36A06-23C6-4631-9083-F693441D8524}.Release|Any CPU.ActiveCfg = Release|Any CPU
		{7DD36A06-23C6-4631-9083-F693441D8524}.Release|Any CPU.Build.0 = Release|Any CPU
		{2D4A42BE-5607-4918-A13F-F872A44B8C6F}.Debug|Any CPU.ActiveCfg = Debug|Any CPU
		{2D4A42BE-5607-4918-A13F-F872A44B8C6F}.Debug|Any CPU.Build.0 = Debug|Any CPU
		{2D4A42BE-5607-4918-A13F-F872A44B8C6F}.Release|Any CPU.ActiveCfg = Release|Any CPU
		{2D4A42BE-5607-4918-A13F-F872A44B8C6F}.Release|Any CPU.Build.0 = Release|Any CPU
		{79C13E06-E3C6-4C97-9DC9-DAB88E4D4695}.Debug|Any CPU.ActiveCfg = Debug|Any CPU
		{79C13E06-E3C6-4C97-9DC9-DAB88E4D4695}.Debug|Any CPU.Build.0 = Debug|Any CPU
		{79C13E06-E3C6-4C97-9DC9-DAB88E4D4695}.Release|Any CPU.ActiveCfg = Release|Any CPU
		{79C13E06-E3C6-4C97-9DC9-DAB88E4D4695}.Release|Any CPU.Build.0 = Release|Any CPU
		{DB42E838-1AD5-469D-B696-6672816A7192}.Debug|Any CPU.ActiveCfg = Debug|Any CPU
		{DB42E838-1AD5-469D-B696-6672816A7192}.Debug|Any CPU.Build.0 = Debug|Any CPU
		{DB42E838-1AD5-469D-B696-6672816A7192}.Release|Any CPU.ActiveCfg = Release|Any CPU
		{DB42E838-1AD5-469D-B696-6672816A7192}.Release|Any CPU.Build.0 = Release|Any CPU
		{F4E854A8-075B-42EC-9800-82DFF106A95D}.Debug|Any CPU.ActiveCfg = Debug|Any CPU
		{F4E854A8-075B-42EC-9800-82DFF106A95D}.Debug|Any CPU.Build.0 = Debug|Any CPU
		{F4E854A8-075B-42EC-9800-82DFF106A95D}.Release|Any CPU.ActiveCfg = Release|Any CPU
		{F4E854A8-075B-42EC-9800-82DFF106A95D}.Release|Any CPU.Build.0 = Release|Any CPU
		{EFFF8E0C-C458-4B24-BD3D-9804B2D8B16E}.Debug|Any CPU.ActiveCfg = Debug|Any CPU
		{EFFF8E0C-C458-4B24-BD3D-9804B2D8B16E}.Debug|Any CPU.Build.0 = Debug|Any CPU
		{EFFF8E0C-C458-4B24-BD3D-9804B2D8B16E}.Release|Any CPU.ActiveCfg = Release|Any CPU
		{EFFF8E0C-C458-4B24-BD3D-9804B2D8B16E}.Release|Any CPU.Build.0 = Release|Any CPU
		{E763F5CA-1166-4D24-86FC-4DFDD81B6940}.Debug|Any CPU.ActiveCfg = Debug|Any CPU
		{E763F5CA-1166-4D24-86FC-4DFDD81B6940}.Debug|Any CPU.Build.0 = Debug|Any CPU
		{E763F5CA-1166-4D24-86FC-4DFDD81B6940}.Release|Any CPU.ActiveCfg = Release|Any CPU
		{E763F5CA-1166-4D24-86FC-4DFDD81B6940}.Release|Any CPU.Build.0 = Release|Any CPU
		{2F40CC3D-EA6E-4840-9118-88B821A325C0}.Debug|Any CPU.ActiveCfg = Debug|Any CPU
		{2F40CC3D-EA6E-4840-9118-88B821A325C0}.Debug|Any CPU.Build.0 = Debug|Any CPU
		{2F40CC3D-EA6E-4840-9118-88B821A325C0}.Release|Any CPU.ActiveCfg = Release|Any CPU
		{2F40CC3D-EA6E-4840-9118-88B821A325C0}.Release|Any CPU.Build.0 = Release|Any CPU
	EndGlobalSection
	GlobalSection(SolutionProperties) = preSolution
		HideSolutionNode = FALSE
	EndGlobalSection
	GlobalSection(NestedProjects) = preSolution
		{38DDA95F-3C4A-4C05-AC56-0F2E8528FF51} = {666485DB-7CA6-4CA2-950F-E82FCB5BB560}
		{9D669DD7-2092-41CE-AEC3-46A5E5FCC17D} = {215D66FB-5A55-46FD-A333-D9AB6DA0B01C}
		{536B0A45-D198-4EFD-B5C4-890F7E93827C} = {3BC03E4D-BE11-475B-8F90-5E161C8C8415}
		{F153087F-5BBA-43D5-8DCF-CAE4523611C5} = {84A25C51-7C4A-42D8-BC24-48722C60359A}
		{2604F873-8665-47D2-9316-D54F8332987A} = {FCEB3FE4-D82B-4B61-BEAA-C4BA5C21058D}
		{7DD36A06-23C6-4631-9083-F693441D8524} = {C561E1AC-6CDC-453B-BF76-14F4D3C6BC7E}
		{2D4A42BE-5607-4918-A13F-F872A44B8C6F} = {26993ADD-E33B-4DD5-89B8-63BE53C3C865}
		{DB42E838-1AD5-469D-B696-6672816A7192} = {85C1BFAA-2DF5-4E38-96CD-B5772C550151}
		{F4E854A8-075B-42EC-9800-82DFF106A95D} = {C450B078-270A-4D61-8EC7-B8CB32AB7640}
		{EFFF8E0C-C458-4B24-BD3D-9804B2D8B16E} = {C450B078-270A-4D61-8EC7-B8CB32AB7640}
		{E763F5CA-1166-4D24-86FC-4DFDD81B6940} = {9942C282-C500-4D79-A625-D5B15B916309}
		{C561E1AC-6CDC-453B-BF76-14F4D3C6BC7E} = {EAAED1FE-7E54-4026-8099-0B217E1C2B14}
		{C450B078-270A-4D61-8EC7-B8CB32AB7640} = {EAAED1FE-7E54-4026-8099-0B217E1C2B14}
		{3BC03E4D-BE11-475B-8F90-5E161C8C8415} = {EAAED1FE-7E54-4026-8099-0B217E1C2B14}
		{FCEB3FE4-D82B-4B61-BEAA-C4BA5C21058D} = {EAAED1FE-7E54-4026-8099-0B217E1C2B14}
		{215D66FB-5A55-46FD-A333-D9AB6DA0B01C} = {EAAED1FE-7E54-4026-8099-0B217E1C2B14}
		{85C1BFAA-2DF5-4E38-96CD-B5772C550151} = {EAAED1FE-7E54-4026-8099-0B217E1C2B14}
		{84A25C51-7C4A-42D8-BC24-48722C60359A} = {EAAED1FE-7E54-4026-8099-0B217E1C2B14}
		{9942C282-C500-4D79-A625-D5B15B916309} = {EAAED1FE-7E54-4026-8099-0B217E1C2B14}
		{26993ADD-E33B-4DD5-89B8-63BE53C3C865} = {EAAED1FE-7E54-4026-8099-0B217E1C2B14}
		{666485DB-7CA6-4CA2-950F-E82FCB5BB560} = {EAAED1FE-7E54-4026-8099-0B217E1C2B14}
		{0263EBD5-ED49-49FD-A03D-80B890C0C539} = {EAAED1FE-7E54-4026-8099-0B217E1C2B14}
		{2F40CC3D-EA6E-4840-9118-88B821A325C0} = {0263EBD5-ED49-49FD-A03D-80B890C0C539}
	EndGlobalSection
	GlobalSection(ExtensibilityGlobals) = postSolution
		SolutionGuid = {1CBEE6A2-0C19-4B79-A17E-EF1C183760B7}
	EndGlobalSection
EndGlobal
